
Microsoft Visual Studio Solution File, Format Version 12.00
# Visual Studio Version 17
VisualStudioVersion = 17.0.31903.59
MinimumVisualStudioVersion = 10.0.40219.1
Project("{2150E333-8FDC-42A3-9474-1A3956D46DE8}") = "aulas", "aulas", "{281EF7B5-9B42-4EAE-AE97-C7E1B00DE449}"
EndProject
Project("{FAE04EC0-301F-11D3-BF4B-00C04F79EFBC}") = "Classes", "aulas\Classes\Classes.csproj", "{1B20277E-A933-4439-891E-B97233A65492}"
EndProject
Project("{FAE04EC0-301F-11D3-BF4B-00C04F79EFBC}") = "Triangulo", "aulas\Triangulo\Triangulo.csproj", "{8FCC1B2D-CEC4-4B8F-9430-AD97F7169515}"
EndProject
Project("{FAE04EC0-301F-11D3-BF4B-00C04F79EFBC}") = "Produto", "aulas\Produto\Produto.csproj", "{BB86AFFD-AFCA-4F8E-B05F-A78481569363}"
EndProject
Project("{FAE04EC0-301F-11D3-BF4B-00C04F79EFBC}") = "Retangulo", "aulas\Retangulo\Retangulo.csproj", "{693AFC18-4450-456B-9C10-8A397E298B27}"
EndProject
Project("{FAE04EC0-301F-11D3-BF4B-00C04F79EFBC}") = "MembrosEstaticos", "aulas\MembrosEstaticos\MembrosEstaticos.csproj", "{6DD17874-A110-48D7-A53C-5114173C9EF7}"
EndProject
Global
	GlobalSection(SolutionConfigurationPlatforms) = preSolution
		Debug|Any CPU = Debug|Any CPU
		Release|Any CPU = Release|Any CPU
	EndGlobalSection
	GlobalSection(SolutionProperties) = preSolution
		HideSolutionNode = FALSE
	EndGlobalSection
	GlobalSection(ProjectConfigurationPlatforms) = postSolution
		{1B20277E-A933-4439-891E-B97233A65492}.Debug|Any CPU.ActiveCfg = Debug|Any CPU
		{1B20277E-A933-4439-891E-B97233A65492}.Debug|Any CPU.Build.0 = Debug|Any CPU
		{1B20277E-A933-4439-891E-B97233A65492}.Release|Any CPU.ActiveCfg = Release|Any CPU
		{1B20277E-A933-4439-891E-B97233A65492}.Release|Any CPU.Build.0 = Release|Any CPU
		{8FCC1B2D-CEC4-4B8F-9430-AD97F7169515}.Debug|Any CPU.ActiveCfg = Debug|Any CPU
		{8FCC1B2D-CEC4-4B8F-9430-AD97F7169515}.Debug|Any CPU.Build.0 = Debug|Any CPU
		{8FCC1B2D-CEC4-4B8F-9430-AD97F7169515}.Release|Any CPU.ActiveCfg = Release|Any CPU
		{8FCC1B2D-CEC4-4B8F-9430-AD97F7169515}.Release|Any CPU.Build.0 = Release|Any CPU
		{BB86AFFD-AFCA-4F8E-B05F-A78481569363}.Debug|Any CPU.ActiveCfg = Debug|Any CPU
		{BB86AFFD-AFCA-4F8E-B05F-A78481569363}.Debug|Any CPU.Build.0 = Debug|Any CPU
		{BB86AFFD-AFCA-4F8E-B05F-A78481569363}.Release|Any CPU.ActiveCfg = Release|Any CPU
		{BB86AFFD-AFCA-4F8E-B05F-A78481569363}.Release|Any CPU.Build.0 = Release|Any CPU
		{693AFC18-4450-456B-9C10-8A397E298B27}.Debug|Any CPU.ActiveCfg = Debug|Any CPU
		{693AFC18-4450-456B-9C10-8A397E298B27}.Debug|Any CPU.Build.0 = Debug|Any CPU
		{693AFC18-4450-456B-9C10-8A397E298B27}.Release|Any CPU.ActiveCfg = Release|Any CPU
		{693AFC18-4450-456B-9C10-8A397E298B27}.Release|Any CPU.Build.0 = Release|Any CPU
		{6DD17874-A110-48D7-A53C-5114173C9EF7}.Debug|Any CPU.ActiveCfg = Debug|Any CPU
		{6DD17874-A110-48D7-A53C-5114173C9EF7}.Debug|Any CPU.Build.0 = Debug|Any CPU
		{6DD17874-A110-48D7-A53C-5114173C9EF7}.Release|Any CPU.ActiveCfg = Release|Any CPU
		{6DD17874-A110-48D7-A53C-5114173C9EF7}.Release|Any CPU.Build.0 = Release|Any CPU
	EndGlobalSection
	GlobalSection(NestedProjects) = preSolution
		{1B20277E-A933-4439-891E-B97233A65492} = {281EF7B5-9B42-4EAE-AE97-C7E1B00DE449}
		{8FCC1B2D-CEC4-4B8F-9430-AD97F7169515} = {281EF7B5-9B42-4EAE-AE97-C7E1B00DE449}
		{BB86AFFD-AFCA-4F8E-B05F-A78481569363} = {281EF7B5-9B42-4EAE-AE97-C7E1B00DE449}
		{693AFC18-4450-456B-9C10-8A397E298B27} = {281EF7B5-9B42-4EAE-AE97-C7E1B00DE449}
		{6DD17874-A110-48D7-A53C-5114173C9EF7} = {281EF7B5-9B42-4EAE-AE97-C7E1B00DE449}
	EndGlobalSection
EndGlobal
