
Microsoft Visual Studio Solution File, Format Version 12.00
# Visual Studio Version 17
VisualStudioVersion = 17.0.31903.59
MinimumVisualStudioVersion = 10.0.40219.1
Project("{2150E333-8FDC-42A3-9474-1A3956D46DE8}") = "Aula1", "Aula1", "{01C672C4-624E-45F2-A8D6-23C5D662189D}"
EndProject
Project("{2150E333-8FDC-42A3-9474-1A3956D46DE8}") = "aula1", "aula1", "{7ED80F28-1536-46B2-9770-59FA13A1CBB9}"
EndProject
Project("{FAE04EC0-301F-11D3-BF4B-00C04F79EFBC}") = "InstrucaoIf", "Aula1\aula1\InstrucaoIf\InstrucaoIf.csproj", "{46DCAA55-973B-4FE3-B8CD-44C36D95611D}"
EndProject
Project("{2150E333-8FDC-42A3-9474-1A3956D46DE8}") = "Aula2", "Aula2", "{6BA01B0A-3488-43D0-9884-EABF8A2E8A8A}"
EndProject
Project("{2150E333-8FDC-42A3-9474-1A3956D46DE8}") = "aula2", "aula2", "{D3FC4656-D373-4E6B-8271-6FC5FFD0A99F}"
EndProject
Project("{FAE04EC0-301F-11D3-BF4B-00C04F79EFBC}") = "InstrucaoIfElse", "Aula2\aula2\InstrucaoIfElse\InstrucaoIfElse.csproj", "{86F373B7-7365-4706-A916-F63AB4B14FF2}"
EndProject
Project("{2150E333-8FDC-42A3-9474-1A3956D46DE8}") = "Aula3", "Aula3", "{42FD45AF-6A8A-4BC1-A40F-8840789003C8}"
EndProject
Project("{2150E333-8FDC-42A3-9474-1A3956D46DE8}") = "aula3", "aula3", "{3502609D-83B3-453B-A1F0-761D24BAD9E4}"
EndProject
Project("{FAE04EC0-301F-11D3-BF4B-00C04F79EFBC}") = "InstrucaoIfElseIf", "Aula3\aula3\InstrucaoIfElseIf\InstrucaoIfElseIf.csproj", "{D6990443-0936-4AE0-AF72-98DAE77A93FD}"
EndProject
Project("{2150E333-8FDC-42A3-9474-1A3956D46DE8}") = "Aula4", "Aula4", "{C45917E5-E5A2-4A54-9D22-87DF0067F819}"
EndProject
Project("{2150E333-8FDC-42A3-9474-1A3956D46DE8}") = "aula4", "aula4", "{5D20D315-BA63-419B-B783-AEB2B718A2F8}"
EndProject
Project("{FAE04EC0-301F-11D3-BF4B-00C04F79EFBC}") = "EstruturaSwitch", "Aula4\aula4\EstruturaSwitch\EstruturaSwitch.csproj", "{C73FE64E-AD27-41E4-BC08-ED2897CEE6C7}"
EndProject
Project("{2150E333-8FDC-42A3-9474-1A3956D46DE8}") = "Aula5", "Aula5", "{D05E8361-02B9-4877-A3E0-0D5E71F6EEE0}"
EndProject
Project("{2150E333-8FDC-42A3-9474-1A3956D46DE8}") = "aula5", "aula5", "{D9C0FE5E-D81E-4ABA-BD4D-174A7263DD97}"
EndProject
Project("{FAE04EC0-301F-11D3-BF4B-00C04F79EFBC}") = "InstrucaoSwitch2", "Aula5\aula5\InstrucaoSwitch2\InstrucaoSwitch2.csproj", "{33295335-051A-4055-884D-520847F4B3B6}"
EndProject
Project("{2150E333-8FDC-42A3-9474-1A3956D46DE8}") = "Aula6", "Aula6", "{F516AA4A-E836-48CE-8D71-3A0FC42067F2}"
EndProject
Project("{2150E333-8FDC-42A3-9474-1A3956D46DE8}") = "aula6", "aula6", "{D13C5050-0A59-43B3-81A2-5AD5D5DA89D5}"
EndProject
Project("{FAE04EC0-301F-11D3-BF4B-00C04F79EFBC}") = "INstrucaoWhile", "Aula6\aula6\INstrucaoWhile\INstrucaoWhile.csproj", "{9A3850A3-527C-4D09-A701-34C9C6160A64}"
EndProject
Project("{2150E333-8FDC-42A3-9474-1A3956D46DE8}") = "Aula7", "Aula7", "{5B3B0528-FCB0-4E8D-850C-053D01DAC704}"
EndProject
Project("{2150E333-8FDC-42A3-9474-1A3956D46DE8}") = "aula7", "aula7", "{C5F60CCC-79E0-47BD-A509-118E85FC0864}"
EndProject
Project("{FAE04EC0-301F-11D3-BF4B-00C04F79EFBC}") = "INstrucaoWhILE2", "Aula7\aula7\INstrucaoWhILE2\INstrucaoWhILE2.csproj", "{3738D107-140E-4981-B336-C43A01615560}"
EndProject
Project("{2150E333-8FDC-42A3-9474-1A3956D46DE8}") = "Aula8", "Aula8", "{10B5E2C5-6783-48C1-B841-E90F1F368296}"
EndProject
Project("{2150E333-8FDC-42A3-9474-1A3956D46DE8}") = "aula8", "aula8", "{BB998E31-4FA1-4601-9861-BED1ACCB9688}"
EndProject
Project("{FAE04EC0-301F-11D3-BF4B-00C04F79EFBC}") = "InstrucaoDoWhile", "Aula8\aula8\InstrucaoDoWhile\InstrucaoDoWhile.csproj", "{7A3AF044-3217-4989-8CE0-18ED4EC08C13}"
EndProject
Project("{2150E333-8FDC-42A3-9474-1A3956D46DE8}") = "Aula9", "Aula9", "{27EE1E34-2172-42B5-B750-471A709E1A7B}"
EndProject
Project("{2150E333-8FDC-42A3-9474-1A3956D46DE8}") = "aula9", "aula9", "{944FC5DB-66BC-42DE-B10D-D59529819D28}"
EndProject
Project("{FAE04EC0-301F-11D3-BF4B-00C04F79EFBC}") = "InstrucaoFor", "Aula9\aula9\InstrucaoFor\InstrucaoFor.csproj", "{956C789A-B223-4F80-87C1-61911B5D9CC1}"
EndProject
Global
	GlobalSection(SolutionConfigurationPlatforms) = preSolution
		Debug|Any CPU = Debug|Any CPU
		Release|Any CPU = Release|Any CPU
	EndGlobalSection
	GlobalSection(SolutionProperties) = preSolution
		HideSolutionNode = FALSE
	EndGlobalSection
	GlobalSection(ProjectConfigurationPlatforms) = postSolution
		{46DCAA55-973B-4FE3-B8CD-44C36D95611D}.Debug|Any CPU.ActiveCfg = Debug|Any CPU
		{46DCAA55-973B-4FE3-B8CD-44C36D95611D}.Debug|Any CPU.Build.0 = Debug|Any CPU
		{46DCAA55-973B-4FE3-B8CD-44C36D95611D}.Release|Any CPU.ActiveCfg = Release|Any CPU
		{46DCAA55-973B-4FE3-B8CD-44C36D95611D}.Release|Any CPU.Build.0 = Release|Any CPU
		{86F373B7-7365-4706-A916-F63AB4B14FF2}.Debug|Any CPU.ActiveCfg = Debug|Any CPU
		{86F373B7-7365-4706-A916-F63AB4B14FF2}.Debug|Any CPU.Build.0 = Debug|Any CPU
		{86F373B7-7365-4706-A916-F63AB4B14FF2}.Release|Any CPU.ActiveCfg = Release|Any CPU
		{86F373B7-7365-4706-A916-F63AB4B14FF2}.Release|Any CPU.Build.0 = Release|Any CPU
		{D6990443-0936-4AE0-AF72-98DAE77A93FD}.Debug|Any CPU.ActiveCfg = Debug|Any CPU
		{D6990443-0936-4AE0-AF72-98DAE77A93FD}.Debug|Any CPU.Build.0 = Debug|Any CPU
		{D6990443-0936-4AE0-AF72-98DAE77A93FD}.Release|Any CPU.ActiveCfg = Release|Any CPU
		{D6990443-0936-4AE0-AF72-98DAE77A93FD}.Release|Any CPU.Build.0 = Release|Any CPU
		{C73FE64E-AD27-41E4-BC08-ED2897CEE6C7}.Debug|Any CPU.ActiveCfg = Debug|Any CPU
		{C73FE64E-AD27-41E4-BC08-ED2897CEE6C7}.Debug|Any CPU.Build.0 = Debug|Any CPU
		{C73FE64E-AD27-41E4-BC08-ED2897CEE6C7}.Release|Any CPU.ActiveCfg = Release|Any CPU
		{C73FE64E-AD27-41E4-BC08-ED2897CEE6C7}.Release|Any CPU.Build.0 = Release|Any CPU
		{33295335-051A-4055-884D-520847F4B3B6}.Debug|Any CPU.ActiveCfg = Debug|Any CPU
		{33295335-051A-4055-884D-520847F4B3B6}.Debug|Any CPU.Build.0 = Debug|Any CPU
		{33295335-051A-4055-884D-520847F4B3B6}.Release|Any CPU.ActiveCfg = Release|Any CPU
		{33295335-051A-4055-884D-520847F4B3B6}.Release|Any CPU.Build.0 = Release|Any CPU
		{9A3850A3-527C-4D09-A701-34C9C6160A64}.Debug|Any CPU.ActiveCfg = Debug|Any CPU
		{9A3850A3-527C-4D09-A701-34C9C6160A64}.Debug|Any CPU.Build.0 = Debug|Any CPU
		{9A3850A3-527C-4D09-A701-34C9C6160A64}.Release|Any CPU.ActiveCfg = Release|Any CPU
		{9A3850A3-527C-4D09-A701-34C9C6160A64}.Release|Any CPU.Build.0 = Release|Any CPU
		{3738D107-140E-4981-B336-C43A01615560}.Debug|Any CPU.ActiveCfg = Debug|Any CPU
		{3738D107-140E-4981-B336-C43A01615560}.Debug|Any CPU.Build.0 = Debug|Any CPU
		{3738D107-140E-4981-B336-C43A01615560}.Release|Any CPU.ActiveCfg = Release|Any CPU
		{3738D107-140E-4981-B336-C43A01615560}.Release|Any CPU.Build.0 = Release|Any CPU
		{7A3AF044-3217-4989-8CE0-18ED4EC08C13}.Debug|Any CPU.ActiveCfg = Debug|Any CPU
		{7A3AF044-3217-4989-8CE0-18ED4EC08C13}.Debug|Any CPU.Build.0 = Debug|Any CPU
		{7A3AF044-3217-4989-8CE0-18ED4EC08C13}.Release|Any CPU.ActiveCfg = Release|Any CPU
		{7A3AF044-3217-4989-8CE0-18ED4EC08C13}.Release|Any CPU.Build.0 = Release|Any CPU
		{956C789A-B223-4F80-87C1-61911B5D9CC1}.Debug|Any CPU.ActiveCfg = Debug|Any CPU
		{956C789A-B223-4F80-87C1-61911B5D9CC1}.Debug|Any CPU.Build.0 = Debug|Any CPU
		{956C789A-B223-4F80-87C1-61911B5D9CC1}.Release|Any CPU.ActiveCfg = Release|Any CPU
		{956C789A-B223-4F80-87C1-61911B5D9CC1}.Release|Any CPU.Build.0 = Release|Any CPU
	EndGlobalSection
	GlobalSection(NestedProjects) = preSolution
		{7ED80F28-1536-46B2-9770-59FA13A1CBB9} = {01C672C4-624E-45F2-A8D6-23C5D662189D}
		{46DCAA55-973B-4FE3-B8CD-44C36D95611D} = {7ED80F28-1536-46B2-9770-59FA13A1CBB9}
		{D3FC4656-D373-4E6B-8271-6FC5FFD0A99F} = {6BA01B0A-3488-43D0-9884-EABF8A2E8A8A}
		{86F373B7-7365-4706-A916-F63AB4B14FF2} = {D3FC4656-D373-4E6B-8271-6FC5FFD0A99F}
		{3502609D-83B3-453B-A1F0-761D24BAD9E4} = {42FD45AF-6A8A-4BC1-A40F-8840789003C8}
		{D6990443-0936-4AE0-AF72-98DAE77A93FD} = {3502609D-83B3-453B-A1F0-761D24BAD9E4}
		{5D20D315-BA63-419B-B783-AEB2B718A2F8} = {C45917E5-E5A2-4A54-9D22-87DF0067F819}
		{C73FE64E-AD27-41E4-BC08-ED2897CEE6C7} = {5D20D315-BA63-419B-B783-AEB2B718A2F8}
		{D9C0FE5E-D81E-4ABA-BD4D-174A7263DD97} = {D05E8361-02B9-4877-A3E0-0D5E71F6EEE0}
		{33295335-051A-4055-884D-520847F4B3B6} = {D9C0FE5E-D81E-4ABA-BD4D-174A7263DD97}
		{D13C5050-0A59-43B3-81A2-5AD5D5DA89D5} = {F516AA4A-E836-48CE-8D71-3A0FC42067F2}
		{9A3850A3-527C-4D09-A701-34C9C6160A64} = {D13C5050-0A59-43B3-81A2-5AD5D5DA89D5}
		{C5F60CCC-79E0-47BD-A509-118E85FC0864} = {5B3B0528-FCB0-4E8D-850C-053D01DAC704}
		{3738D107-140E-4981-B336-C43A01615560} = {C5F60CCC-79E0-47BD-A509-118E85FC0864}
		{BB998E31-4FA1-4601-9861-BED1ACCB9688} = {10B5E2C5-6783-48C1-B841-E90F1F368296}
		{7A3AF044-3217-4989-8CE0-18ED4EC08C13} = {BB998E31-4FA1-4601-9861-BED1ACCB9688}
		{944FC5DB-66BC-42DE-B10D-D59529819D28} = {27EE1E34-2172-42B5-B750-471A709E1A7B}
		{956C789A-B223-4F80-87C1-61911B5D9CC1} = {944FC5DB-66BC-42DE-B10D-D59529819D28}
	EndGlobalSection
EndGlobal
