
Microsoft Visual Studio Solution File, Format Version 12.00
# Visual Studio Version 17
VisualStudioVersion = 17.0.31903.59
MinimumVisualStudioVersion = 10.0.40219.1
Project("{2150E333-8FDC-42A3-9474-1A3956D46DE8}") = "aula01", "aula01", "{0BAE87CE-2246-41FE-A4B3-2F2CF76F91D0}"
EndProject
Project("{FAE04EC0-301F-11D3-BF4B-00C04F79EFBC}") = "TIposDeDados1", "aula01\TIposDeDados1\TIposDeDados1.csproj", "{E1C73326-2742-4457-ACD5-2E64016E9E41}"
EndProject
Project("{2150E333-8FDC-42A3-9474-1A3956D46DE8}") = "aula02", "aula02", "{DEEA26B1-2E54-4AAB-8411-D59B6C71B996}"
EndProject
Project("{2150E333-8FDC-42A3-9474-1A3956D46DE8}") = "aula2", "aula2", "{0CB44390-9C94-4310-9752-8CCD15BF56CC}"
EndProject
Project("{FAE04EC0-301F-11D3-BF4B-00C04F79EFBC}") = "TIposDeDados2", "aula02\aula2\TIposDeDados2\TIposDeDados2.csproj", "{E4B3968C-26BA-4C92-BA70-99AA9FD37E06}"
EndProject
Project("{2150E333-8FDC-42A3-9474-1A3956D46DE8}") = "aula03", "aula03", "{E546C664-CB83-467B-A70F-EF38345A4A9E}"
EndProject
Project("{2150E333-8FDC-42A3-9474-1A3956D46DE8}") = "aula3", "aula3", "{BDE64FEA-3581-4F7B-A449-810D633D2E01}"
EndProject
Project("{FAE04EC0-301F-11D3-BF4B-00C04F79EFBC}") = "TIposDeDados3", "aula03\aula3\TIposDeDados3\TIposDeDados3.csproj", "{4A6DB636-DA02-4868-B0EC-D284D29634D6}"
EndProject
Project("{2150E333-8FDC-42A3-9474-1A3956D46DE8}") = "aula04", "aula04", "{F2C975CB-0797-48BD-A7CA-DCE804DC3878}"
EndProject
Project("{2150E333-8FDC-42A3-9474-1A3956D46DE8}") = "aula4", "aula4", "{8C6A3E52-CA92-4D1E-A505-73102DCF55DD}"
EndProject
Project("{FAE04EC0-301F-11D3-BF4B-00C04F79EFBC}") = "TiposDeDados4", "aula04\aula4\TiposDeDados4\TiposDeDados4.csproj", "{6C5671D5-707A-49FF-A043-ACFB7001024B}"
EndProject
Project("{2150E333-8FDC-42A3-9474-1A3956D46DE8}") = "aula05", "aula05", "{8513B213-53DD-45DB-B931-5A0B35B51A2B}"
EndProject
Project("{2150E333-8FDC-42A3-9474-1A3956D46DE8}") = "aula5", "aula5", "{3D863562-1B4B-4D5A-9ADB-7C189BD88047}"
EndProject
Project("{FAE04EC0-301F-11D3-BF4B-00C04F79EFBC}") = "TipoDateTIme1", "aula05\aula5\TipoDateTIme1\TipoDateTIme1.csproj", "{3E266085-F5E7-4FF9-A255-C79A55A73399}"
EndProject
Project("{2150E333-8FDC-42A3-9474-1A3956D46DE8}") = "aula06", "aula06", "{AADCB8F2-D146-424E-8714-AFC50104A329}"
EndProject
Project("{2150E333-8FDC-42A3-9474-1A3956D46DE8}") = "aula06", "aula06", "{469312B2-CA1F-4C77-8F43-FBF5AA02D6CB}"
EndProject
Project("{FAE04EC0-301F-11D3-BF4B-00C04F79EFBC}") = "TiposValor", "aula06\aula06\TiposValor\TiposValor.csproj", "{7CCC3181-E7F8-4749-B6EE-B3AED2C8E014}"
EndProject
Project("{2150E333-8FDC-42A3-9474-1A3956D46DE8}") = "aula07", "aula07", "{64BE1D8F-5898-47E0-81BB-832B22EDE83B}"
EndProject
Project("{2150E333-8FDC-42A3-9474-1A3956D46DE8}") = "aula7", "aula7", "{7C6E57E1-A532-4722-89E2-5BEDEA768C0E}"
EndProject
Project("{FAE04EC0-301F-11D3-BF4B-00C04F79EFBC}") = "SaidaDeDados", "aula07\aula7\SaidaDeDados\SaidaDeDados.csproj", "{3CB93B69-17F2-41C9-B4C3-C221A6C35C60}"
EndProject
Project("{2150E333-8FDC-42A3-9474-1A3956D46DE8}") = "aula08", "aula08", "{922C0D1C-DD52-481A-A33F-7B3423B256EB}"
EndProject
Project("{2150E333-8FDC-42A3-9474-1A3956D46DE8}") = "aula8", "aula8", "{DD9F34F3-F0AE-4007-87E0-DE5997326A6F}"
EndProject
Project("{FAE04EC0-301F-11D3-BF4B-00C04F79EFBC}") = "SaidaDados2", "aula08\aula8\SaidaDados2\SaidaDados2.csproj", "{58DFD5C6-0A9A-4263-9C3A-D0B9F6D89389}"
EndProject
Project("{2150E333-8FDC-42A3-9474-1A3956D46DE8}") = "aula09", "aula09", "{F69A3AC1-07EE-4F1A-AF38-8CDE67843A85}"
EndProject
Project("{2150E333-8FDC-42A3-9474-1A3956D46DE8}") = "aula9", "aula9", "{67A3CA29-C0FF-4B41-A7B9-7197764AB1BF}"
EndProject
Project("{FAE04EC0-301F-11D3-BF4B-00C04F79EFBC}") = "ConversaoDeTipos1", "aula09\aula9\ConversaoDeTipos1\ConversaoDeTipos1.csproj", "{1F3B4C71-148B-44DE-B5F9-56673F46D17E}"
EndProject
Project("{2150E333-8FDC-42A3-9474-1A3956D46DE8}") = "aula010", "aula010", "{79E67914-0BA2-40A2-9866-D9BC00512EEE}"
EndProject
Project("{2150E333-8FDC-42A3-9474-1A3956D46DE8}") = "aula10", "aula10", "{E7B531F2-18DD-492B-AFB5-A91D5D0A79BE}"
EndProject
Project("{FAE04EC0-301F-11D3-BF4B-00C04F79EFBC}") = "ConversaoDeTipos2", "aula010\aula10\ConversaoDeTipos2\ConversaoDeTipos2.csproj", "{ED4032FA-1234-4024-8A75-F86B679BFE70}"
EndProject
Project("{2150E333-8FDC-42A3-9474-1A3956D46DE8}") = "aula011", "aula011", "{6B02190B-3F77-4777-9FF6-4D378AF253B7}"
EndProject
Project("{2150E333-8FDC-42A3-9474-1A3956D46DE8}") = "aula11", "aula11", "{A46CE45E-F015-4E32-9240-A7A34F3B9090}"
EndProject
Project("{FAE04EC0-301F-11D3-BF4B-00C04F79EFBC}") = "EntradaDeDados", "aula011\aula11\EntradaDeDados\EntradaDeDados.csproj", "{15251E52-928B-4850-B8D7-F632B7112D84}"
EndProject
Project("{2150E333-8FDC-42A3-9474-1A3956D46DE8}") = "aula012", "aula012", "{21D34004-D446-4C0C-B6B0-23CAA8FBA794}"
EndProject
Project("{2150E333-8FDC-42A3-9474-1A3956D46DE8}") = "aula12", "aula12", "{2DA2DB46-659A-44C9-ABAB-0DB989B4911B}"
EndProject
Project("{FAE04EC0-301F-11D3-BF4B-00C04F79EFBC}") = "Operadores", "aula012\aula12\Operadores\Operadores.csproj", "{0F3BD6D5-428D-4EAF-8146-8D807E9F6488}"
EndProject
Project("{2150E333-8FDC-42A3-9474-1A3956D46DE8}") = "aula013", "aula013", "{22626F71-1010-4A05-8CF8-31A6B3EF1505}"
EndProject
Project("{2150E333-8FDC-42A3-9474-1A3956D46DE8}") = "aula13", "aula13", "{4444EC6E-F4EC-4BA5-8480-936790A09D86}"
EndProject
Project("{FAE04EC0-301F-11D3-BF4B-00C04F79EFBC}") = "inferenciaTIpos", "aula013\aula13\inferenciaTIpos\inferenciaTIpos.csproj", "{A425369A-5F9B-4170-8037-79409DBEDD81}"
EndProject
Project("{2150E333-8FDC-42A3-9474-1A3956D46DE8}") = "aula014", "aula014", "{9FE5CEF5-9C6F-434A-9ED4-20B9B75710C8}"
EndProject
Project("{2150E333-8FDC-42A3-9474-1A3956D46DE8}") = "aula14", "aula14", "{3F16E584-97A8-40FA-9B35-81C1F184548C}"
EndProject
Project("{FAE04EC0-301F-11D3-BF4B-00C04F79EFBC}") = "OperadorAtribuicao", "aula014\aula14\OperadorAtribuicao\OperadorAtribuicao.csproj", "{95FEEDD2-F319-4CF8-80CC-D51D3EE93BD5}"
EndProject
Project("{2150E333-8FDC-42A3-9474-1A3956D46DE8}") = "aula015", "aula015", "{D1BDFD4C-2F52-4D90-ACDE-6C0770F86EC7}"
EndProject
Project("{2150E333-8FDC-42A3-9474-1A3956D46DE8}") = "aula6", "aula6", "{5608CE46-924A-4D52-A178-D1CDB6625A97}"
EndProject
Project("{FAE04EC0-301F-11D3-BF4B-00C04F79EFBC}") = "Constantes", "aula015\aula6\Constantes\Constantes.csproj", "{F2C57C46-1757-4FC3-9D4D-1AEF1681B0A9}"
EndProject
Project("{2150E333-8FDC-42A3-9474-1A3956D46DE8}") = "aula016", "aula016", "{DB64B8E2-194D-4E25-80F6-A6EBD1582B97}"
EndProject
Project("{2150E333-8FDC-42A3-9474-1A3956D46DE8}") = "aula16", "aula16", "{716C4ABB-32D7-4B53-83FE-492950AD59A3}"
EndProject
Project("{FAE04EC0-301F-11D3-BF4B-00C04F79EFBC}") = "OperadoresIncDec", "aula016\aula16\OperadoresIncDec\OperadoresIncDec.csproj", "{E9652A3E-491F-44C0-8118-D57EF24A6CF7}"
EndProject
Project("{2150E333-8FDC-42A3-9474-1A3956D46DE8}") = "aula017", "aula017", "{11E85049-4C47-44F5-9D4D-3C7E021E65BE}"
EndProject
Project("{2150E333-8FDC-42A3-9474-1A3956D46DE8}") = "aula17", "aula17", "{5F4901ED-8A7C-4606-9BC3-333CD64E010A}"
EndProject
Project("{FAE04EC0-301F-11D3-BF4B-00C04F79EFBC}") = "OperadoresRelacionais", "aula017\aula17\OperadoresRelacionais\OperadoresRelacionais.csproj", "{26111AAF-03C5-49A5-8674-ACF87755C701}"
EndProject
Project("{2150E333-8FDC-42A3-9474-1A3956D46DE8}") = "aula018", "aula018", "{07FEB69B-9C31-4DFC-944D-497B8E34FAF1}"
EndProject
Project("{FAE04EC0-301F-11D3-BF4B-00C04F79EFBC}") = "OperadoresLogicos", "aula018\OperadoresLogicos\OperadoresLogicos.csproj", "{4E15CFE4-DA02-4708-9D24-CDBBB3FF46DE}"
EndProject
Project("{2150E333-8FDC-42A3-9474-1A3956D46DE8}") = "aula019", "aula019", "{FD2B9B2C-CA77-4893-878A-C677E7ECD474}"
EndProject
Project("{2150E333-8FDC-42A3-9474-1A3956D46DE8}") = "aula19", "aula19", "{E99C82C0-2E5B-4C27-AF9E-6415368EB5D2}"
EndProject
Project("{FAE04EC0-301F-11D3-BF4B-00C04F79EFBC}") = "Precedencia", "aula019\aula19\Precedencia\Precedencia.csproj", "{E62B37E8-0B29-4E13-B9A1-AB9D48A4F11D}"
EndProject
Project("{2150E333-8FDC-42A3-9474-1A3956D46DE8}") = "aula020", "aula020", "{8426C0D1-C9D9-42BA-BF75-630799456732}"
EndProject
Project("{2150E333-8FDC-42A3-9474-1A3956D46DE8}") = "aula20", "aula20", "{89DAF2F7-9FDA-4552-8264-F6FACE4447BD}"
EndProject
Project("{FAE04EC0-301F-11D3-BF4B-00C04F79EFBC}") = "NUllableReference", "aula020\aula20\NUllableReference\NUllableReference.csproj", "{773FF7DE-B141-4B35-9931-F15B1C8D55E4}"
EndProject
Project("{2150E333-8FDC-42A3-9474-1A3956D46DE8}") = "aula021", "aula021", "{2A14C3E9-38AC-4A44-A50F-A81BACE5D2DD}"
EndProject
Project("{2150E333-8FDC-42A3-9474-1A3956D46DE8}") = "aula21", "aula21", "{9802967F-945B-49F9-A096-67657040EF43}"
EndProject
Project("{FAE04EC0-301F-11D3-BF4B-00C04F79EFBC}") = "OperadoresTernarios", "aula021\aula21\OperadoresTernarios\OperadoresTernarios.csproj", "{F18A01BC-13E2-4E6E-BB58-8A4A12486845}"
EndProject
Global
	GlobalSection(SolutionConfigurationPlatforms) = preSolution
		Debug|Any CPU = Debug|Any CPU
		Release|Any CPU = Release|Any CPU
	EndGlobalSection
	GlobalSection(SolutionProperties) = preSolution
		HideSolutionNode = FALSE
	EndGlobalSection
	GlobalSection(ProjectConfigurationPlatforms) = postSolution
		{E1C73326-2742-4457-ACD5-2E64016E9E41}.Debug|Any CPU.ActiveCfg = Debug|Any CPU
		{E1C73326-2742-4457-ACD5-2E64016E9E41}.Debug|Any CPU.Build.0 = Debug|Any CPU
		{E1C73326-2742-4457-ACD5-2E64016E9E41}.Release|Any CPU.ActiveCfg = Release|Any CPU
		{E1C73326-2742-4457-ACD5-2E64016E9E41}.Release|Any CPU.Build.0 = Release|Any CPU
		{E4B3968C-26BA-4C92-BA70-99AA9FD37E06}.Debug|Any CPU.ActiveCfg = Debug|Any CPU
		{E4B3968C-26BA-4C92-BA70-99AA9FD37E06}.Debug|Any CPU.Build.0 = Debug|Any CPU
		{E4B3968C-26BA-4C92-BA70-99AA9FD37E06}.Release|Any CPU.ActiveCfg = Release|Any CPU
		{E4B3968C-26BA-4C92-BA70-99AA9FD37E06}.Release|Any CPU.Build.0 = Release|Any CPU
		{4A6DB636-DA02-4868-B0EC-D284D29634D6}.Debug|Any CPU.ActiveCfg = Debug|Any CPU
		{4A6DB636-DA02-4868-B0EC-D284D29634D6}.Debug|Any CPU.Build.0 = Debug|Any CPU
		{4A6DB636-DA02-4868-B0EC-D284D29634D6}.Release|Any CPU.ActiveCfg = Release|Any CPU
		{4A6DB636-DA02-4868-B0EC-D284D29634D6}.Release|Any CPU.Build.0 = Release|Any CPU
		{6C5671D5-707A-49FF-A043-ACFB7001024B}.Debug|Any CPU.ActiveCfg = Debug|Any CPU
		{6C5671D5-707A-49FF-A043-ACFB7001024B}.Debug|Any CPU.Build.0 = Debug|Any CPU
		{6C5671D5-707A-49FF-A043-ACFB7001024B}.Release|Any CPU.ActiveCfg = Release|Any CPU
		{6C5671D5-707A-49FF-A043-ACFB7001024B}.Release|Any CPU.Build.0 = Release|Any CPU
		{3E266085-F5E7-4FF9-A255-C79A55A73399}.Debug|Any CPU.ActiveCfg = Debug|Any CPU
		{3E266085-F5E7-4FF9-A255-C79A55A73399}.Debug|Any CPU.Build.0 = Debug|Any CPU
		{3E266085-F5E7-4FF9-A255-C79A55A73399}.Release|Any CPU.ActiveCfg = Release|Any CPU
		{3E266085-F5E7-4FF9-A255-C79A55A73399}.Release|Any CPU.Build.0 = Release|Any CPU
		{7CCC3181-E7F8-4749-B6EE-B3AED2C8E014}.Debug|Any CPU.ActiveCfg = Debug|Any CPU
		{7CCC3181-E7F8-4749-B6EE-B3AED2C8E014}.Debug|Any CPU.Build.0 = Debug|Any CPU
		{7CCC3181-E7F8-4749-B6EE-B3AED2C8E014}.Release|Any CPU.ActiveCfg = Release|Any CPU
		{7CCC3181-E7F8-4749-B6EE-B3AED2C8E014}.Release|Any CPU.Build.0 = Release|Any CPU
		{3CB93B69-17F2-41C9-B4C3-C221A6C35C60}.Debug|Any CPU.ActiveCfg = Debug|Any CPU
		{3CB93B69-17F2-41C9-B4C3-C221A6C35C60}.Debug|Any CPU.Build.0 = Debug|Any CPU
		{3CB93B69-17F2-41C9-B4C3-C221A6C35C60}.Release|Any CPU.ActiveCfg = Release|Any CPU
		{3CB93B69-17F2-41C9-B4C3-C221A6C35C60}.Release|Any CPU.Build.0 = Release|Any CPU
		{58DFD5C6-0A9A-4263-9C3A-D0B9F6D89389}.Debug|Any CPU.ActiveCfg = Debug|Any CPU
		{58DFD5C6-0A9A-4263-9C3A-D0B9F6D89389}.Debug|Any CPU.Build.0 = Debug|Any CPU
		{58DFD5C6-0A9A-4263-9C3A-D0B9F6D89389}.Release|Any CPU.ActiveCfg = Release|Any CPU
		{58DFD5C6-0A9A-4263-9C3A-D0B9F6D89389}.Release|Any CPU.Build.0 = Release|Any CPU
		{1F3B4C71-148B-44DE-B5F9-56673F46D17E}.Debug|Any CPU.ActiveCfg = Debug|Any CPU
		{1F3B4C71-148B-44DE-B5F9-56673F46D17E}.Debug|Any CPU.Build.0 = Debug|Any CPU
		{1F3B4C71-148B-44DE-B5F9-56673F46D17E}.Release|Any CPU.ActiveCfg = Release|Any CPU
		{1F3B4C71-148B-44DE-B5F9-56673F46D17E}.Release|Any CPU.Build.0 = Release|Any CPU
		{ED4032FA-1234-4024-8A75-F86B679BFE70}.Debug|Any CPU.ActiveCfg = Debug|Any CPU
		{ED4032FA-1234-4024-8A75-F86B679BFE70}.Debug|Any CPU.Build.0 = Debug|Any CPU
		{ED4032FA-1234-4024-8A75-F86B679BFE70}.Release|Any CPU.ActiveCfg = Release|Any CPU
		{ED4032FA-1234-4024-8A75-F86B679BFE70}.Release|Any CPU.Build.0 = Release|Any CPU
		{15251E52-928B-4850-B8D7-F632B7112D84}.Debug|Any CPU.ActiveCfg = Debug|Any CPU
		{15251E52-928B-4850-B8D7-F632B7112D84}.Debug|Any CPU.Build.0 = Debug|Any CPU
		{15251E52-928B-4850-B8D7-F632B7112D84}.Release|Any CPU.ActiveCfg = Release|Any CPU
		{15251E52-928B-4850-B8D7-F632B7112D84}.Release|Any CPU.Build.0 = Release|Any CPU
		{0F3BD6D5-428D-4EAF-8146-8D807E9F6488}.Debug|Any CPU.ActiveCfg = Debug|Any CPU
		{0F3BD6D5-428D-4EAF-8146-8D807E9F6488}.Debug|Any CPU.Build.0 = Debug|Any CPU
		{0F3BD6D5-428D-4EAF-8146-8D807E9F6488}.Release|Any CPU.ActiveCfg = Release|Any CPU
		{0F3BD6D5-428D-4EAF-8146-8D807E9F6488}.Release|Any CPU.Build.0 = Release|Any CPU
		{A425369A-5F9B-4170-8037-79409DBEDD81}.Debug|Any CPU.ActiveCfg = Debug|Any CPU
		{A425369A-5F9B-4170-8037-79409DBEDD81}.Debug|Any CPU.Build.0 = Debug|Any CPU
		{A425369A-5F9B-4170-8037-79409DBEDD81}.Release|Any CPU.ActiveCfg = Release|Any CPU
		{A425369A-5F9B-4170-8037-79409DBEDD81}.Release|Any CPU.Build.0 = Release|Any CPU
		{95FEEDD2-F319-4CF8-80CC-D51D3EE93BD5}.Debug|Any CPU.ActiveCfg = Debug|Any CPU
		{95FEEDD2-F319-4CF8-80CC-D51D3EE93BD5}.Debug|Any CPU.Build.0 = Debug|Any CPU
		{95FEEDD2-F319-4CF8-80CC-D51D3EE93BD5}.Release|Any CPU.ActiveCfg = Release|Any CPU
		{95FEEDD2-F319-4CF8-80CC-D51D3EE93BD5}.Release|Any CPU.Build.0 = Release|Any CPU
		{F2C57C46-1757-4FC3-9D4D-1AEF1681B0A9}.Debug|Any CPU.ActiveCfg = Debug|Any CPU
		{F2C57C46-1757-4FC3-9D4D-1AEF1681B0A9}.Debug|Any CPU.Build.0 = Debug|Any CPU
		{F2C57C46-1757-4FC3-9D4D-1AEF1681B0A9}.Release|Any CPU.ActiveCfg = Release|Any CPU
		{F2C57C46-1757-4FC3-9D4D-1AEF1681B0A9}.Release|Any CPU.Build.0 = Release|Any CPU
		{E9652A3E-491F-44C0-8118-D57EF24A6CF7}.Debug|Any CPU.ActiveCfg = Debug|Any CPU
		{E9652A3E-491F-44C0-8118-D57EF24A6CF7}.Debug|Any CPU.Build.0 = Debug|Any CPU
		{E9652A3E-491F-44C0-8118-D57EF24A6CF7}.Release|Any CPU.ActiveCfg = Release|Any CPU
		{E9652A3E-491F-44C0-8118-D57EF24A6CF7}.Release|Any CPU.Build.0 = Release|Any CPU
		{26111AAF-03C5-49A5-8674-ACF87755C701}.Debug|Any CPU.ActiveCfg = Debug|Any CPU
		{26111AAF-03C5-49A5-8674-ACF87755C701}.Debug|Any CPU.Build.0 = Debug|Any CPU
		{26111AAF-03C5-49A5-8674-ACF87755C701}.Release|Any CPU.ActiveCfg = Release|Any CPU
		{26111AAF-03C5-49A5-8674-ACF87755C701}.Release|Any CPU.Build.0 = Release|Any CPU
		{4E15CFE4-DA02-4708-9D24-CDBBB3FF46DE}.Debug|Any CPU.ActiveCfg = Debug|Any CPU
		{4E15CFE4-DA02-4708-9D24-CDBBB3FF46DE}.Debug|Any CPU.Build.0 = Debug|Any CPU
		{4E15CFE4-DA02-4708-9D24-CDBBB3FF46DE}.Release|Any CPU.ActiveCfg = Release|Any CPU
		{4E15CFE4-DA02-4708-9D24-CDBBB3FF46DE}.Release|Any CPU.Build.0 = Release|Any CPU
		{E62B37E8-0B29-4E13-B9A1-AB9D48A4F11D}.Debug|Any CPU.ActiveCfg = Debug|Any CPU
		{E62B37E8-0B29-4E13-B9A1-AB9D48A4F11D}.Debug|Any CPU.Build.0 = Debug|Any CPU
		{E62B37E8-0B29-4E13-B9A1-AB9D48A4F11D}.Release|Any CPU.ActiveCfg = Release|Any CPU
		{E62B37E8-0B29-4E13-B9A1-AB9D48A4F11D}.Release|Any CPU.Build.0 = Release|Any CPU
		{773FF7DE-B141-4B35-9931-F15B1C8D55E4}.Debug|Any CPU.ActiveCfg = Debug|Any CPU
		{773FF7DE-B141-4B35-9931-F15B1C8D55E4}.Debug|Any CPU.Build.0 = Debug|Any CPU
		{773FF7DE-B141-4B35-9931-F15B1C8D55E4}.Release|Any CPU.ActiveCfg = Release|Any CPU
		{773FF7DE-B141-4B35-9931-F15B1C8D55E4}.Release|Any CPU.Build.0 = Release|Any CPU
		{F18A01BC-13E2-4E6E-BB58-8A4A12486845}.Debug|Any CPU.ActiveCfg = Debug|Any CPU
		{F18A01BC-13E2-4E6E-BB58-8A4A12486845}.Debug|Any CPU.Build.0 = Debug|Any CPU
		{F18A01BC-13E2-4E6E-BB58-8A4A12486845}.Release|Any CPU.ActiveCfg = Release|Any CPU
		{F18A01BC-13E2-4E6E-BB58-8A4A12486845}.Release|Any CPU.Build.0 = Release|Any CPU
	EndGlobalSection
	GlobalSection(NestedProjects) = preSolution
		{E1C73326-2742-4457-ACD5-2E64016E9E41} = {0BAE87CE-2246-41FE-A4B3-2F2CF76F91D0}
		{0CB44390-9C94-4310-9752-8CCD15BF56CC} = {DEEA26B1-2E54-4AAB-8411-D59B6C71B996}
		{E4B3968C-26BA-4C92-BA70-99AA9FD37E06} = {0CB44390-9C94-4310-9752-8CCD15BF56CC}
		{BDE64FEA-3581-4F7B-A449-810D633D2E01} = {E546C664-CB83-467B-A70F-EF38345A4A9E}
		{4A6DB636-DA02-4868-B0EC-D284D29634D6} = {BDE64FEA-3581-4F7B-A449-810D633D2E01}
		{8C6A3E52-CA92-4D1E-A505-73102DCF55DD} = {F2C975CB-0797-48BD-A7CA-DCE804DC3878}
		{6C5671D5-707A-49FF-A043-ACFB7001024B} = {8C6A3E52-CA92-4D1E-A505-73102DCF55DD}
		{3D863562-1B4B-4D5A-9ADB-7C189BD88047} = {8513B213-53DD-45DB-B931-5A0B35B51A2B}
		{3E266085-F5E7-4FF9-A255-C79A55A73399} = {3D863562-1B4B-4D5A-9ADB-7C189BD88047}
		{469312B2-CA1F-4C77-8F43-FBF5AA02D6CB} = {AADCB8F2-D146-424E-8714-AFC50104A329}
		{7CCC3181-E7F8-4749-B6EE-B3AED2C8E014} = {469312B2-CA1F-4C77-8F43-FBF5AA02D6CB}
		{7C6E57E1-A532-4722-89E2-5BEDEA768C0E} = {64BE1D8F-5898-47E0-81BB-832B22EDE83B}
		{3CB93B69-17F2-41C9-B4C3-C221A6C35C60} = {7C6E57E1-A532-4722-89E2-5BEDEA768C0E}
		{DD9F34F3-F0AE-4007-87E0-DE5997326A6F} = {922C0D1C-DD52-481A-A33F-7B3423B256EB}
		{58DFD5C6-0A9A-4263-9C3A-D0B9F6D89389} = {DD9F34F3-F0AE-4007-87E0-DE5997326A6F}
		{67A3CA29-C0FF-4B41-A7B9-7197764AB1BF} = {F69A3AC1-07EE-4F1A-AF38-8CDE67843A85}
		{1F3B4C71-148B-44DE-B5F9-56673F46D17E} = {67A3CA29-C0FF-4B41-A7B9-7197764AB1BF}
		{E7B531F2-18DD-492B-AFB5-A91D5D0A79BE} = {79E67914-0BA2-40A2-9866-D9BC00512EEE}
		{ED4032FA-1234-4024-8A75-F86B679BFE70} = {E7B531F2-18DD-492B-AFB5-A91D5D0A79BE}
		{A46CE45E-F015-4E32-9240-A7A34F3B9090} = {6B02190B-3F77-4777-9FF6-4D378AF253B7}
		{15251E52-928B-4850-B8D7-F632B7112D84} = {A46CE45E-F015-4E32-9240-A7A34F3B9090}
		{2DA2DB46-659A-44C9-ABAB-0DB989B4911B} = {21D34004-D446-4C0C-B6B0-23CAA8FBA794}
		{0F3BD6D5-428D-4EAF-8146-8D807E9F6488} = {2DA2DB46-659A-44C9-ABAB-0DB989B4911B}
		{4444EC6E-F4EC-4BA5-8480-936790A09D86} = {22626F71-1010-4A05-8CF8-31A6B3EF1505}
		{A425369A-5F9B-4170-8037-79409DBEDD81} = {4444EC6E-F4EC-4BA5-8480-936790A09D86}
		{3F16E584-97A8-40FA-9B35-81C1F184548C} = {9FE5CEF5-9C6F-434A-9ED4-20B9B75710C8}
		{95FEEDD2-F319-4CF8-80CC-D51D3EE93BD5} = {3F16E584-97A8-40FA-9B35-81C1F184548C}
		{5608CE46-924A-4D52-A178-D1CDB6625A97} = {D1BDFD4C-2F52-4D90-ACDE-6C0770F86EC7}
		{F2C57C46-1757-4FC3-9D4D-1AEF1681B0A9} = {5608CE46-924A-4D52-A178-D1CDB6625A97}
		{716C4ABB-32D7-4B53-83FE-492950AD59A3} = {DB64B8E2-194D-4E25-80F6-A6EBD1582B97}
		{E9652A3E-491F-44C0-8118-D57EF24A6CF7} = {716C4ABB-32D7-4B53-83FE-492950AD59A3}
		{5F4901ED-8A7C-4606-9BC3-333CD64E010A} = {11E85049-4C47-44F5-9D4D-3C7E021E65BE}
		{26111AAF-03C5-49A5-8674-ACF87755C701} = {5F4901ED-8A7C-4606-9BC3-333CD64E010A}
		{4E15CFE4-DA02-4708-9D24-CDBBB3FF46DE} = {07FEB69B-9C31-4DFC-944D-497B8E34FAF1}
		{E99C82C0-2E5B-4C27-AF9E-6415368EB5D2} = {FD2B9B2C-CA77-4893-878A-C677E7ECD474}
		{E62B37E8-0B29-4E13-B9A1-AB9D48A4F11D} = {E99C82C0-2E5B-4C27-AF9E-6415368EB5D2}
		{89DAF2F7-9FDA-4552-8264-F6FACE4447BD} = {8426C0D1-C9D9-42BA-BF75-630799456732}
		{773FF7DE-B141-4B35-9931-F15B1C8D55E4} = {89DAF2F7-9FDA-4552-8264-F6FACE4447BD}
		{9802967F-945B-49F9-A096-67657040EF43} = {2A14C3E9-38AC-4A44-A50F-A81BACE5D2DD}
		{F18A01BC-13E2-4E6E-BB58-8A4A12486845} = {9802967F-945B-49F9-A096-67657040EF43}
	EndGlobalSection
EndGlobal
