
Microsoft Visual Studio Solution File, Format Version 12.00
# Visual Studio Version 17
VisualStudioVersion = 17.0.31903.59
MinimumVisualStudioVersion = 10.0.40219.1
Project("{2150E333-8FDC-42A3-9474-1A3956D46DE8}") = "aula01", "aula01", "{0BAE87CE-2246-41FE-A4B3-2F2CF76F91D0}"
EndProject
Project("{FAE04EC0-301F-11D3-BF4B-00C04F79EFBC}") = "TIposDeDados1", "aula01\TIposDeDados1\TIposDeDados1.csproj", "{E1C73326-2742-4457-ACD5-2E64016E9E41}"
EndProject
Project("{2150E333-8FDC-42A3-9474-1A3956D46DE8}") = "aula02", "aula02", "{DEEA26B1-2E54-4AAB-8411-D59B6C71B996}"
EndProject
Project("{2150E333-8FDC-42A3-9474-1A3956D46DE8}") = "aula2", "aula2", "{0CB44390-9C94-4310-9752-8CCD15BF56CC}"
EndProject
Project("{FAE04EC0-301F-11D3-BF4B-00C04F79EFBC}") = "TIposDeDados2", "aula02\aula2\TIposDeDados2\TIposDeDados2.csproj", "{E4B3968C-26BA-4C92-BA70-99AA9FD37E06}"
EndProject
Project("{2150E333-8FDC-42A3-9474-1A3956D46DE8}") = "aula03", "aula03", "{E546C664-CB83-467B-A70F-EF38345A4A9E}"
EndProject
Project("{2150E333-8FDC-42A3-9474-1A3956D46DE8}") = "aula3", "aula3", "{BDE64FEA-3581-4F7B-A449-810D633D2E01}"
EndProject
Project("{FAE04EC0-301F-11D3-BF4B-00C04F79EFBC}") = "TIposDeDados3", "aula03\aula3\TIposDeDados3\TIposDeDados3.csproj", "{4A6DB636-DA02-4868-B0EC-D284D29634D6}"
EndProject
Project("{2150E333-8FDC-42A3-9474-1A3956D46DE8}") = "aula04", "aula04", "{F2C975CB-0797-48BD-A7CA-DCE804DC3878}"
EndProject
Project("{2150E333-8FDC-42A3-9474-1A3956D46DE8}") = "aula4", "aula4", "{8C6A3E52-CA92-4D1E-A505-73102DCF55DD}"
EndProject
Project("{FAE04EC0-301F-11D3-BF4B-00C04F79EFBC}") = "TiposDeDados4", "aula04\aula4\TiposDeDados4\TiposDeDados4.csproj", "{6C5671D5-707A-49FF-A043-ACFB7001024B}"
EndProject
Project("{2150E333-8FDC-42A3-9474-1A3956D46DE8}") = "aula05", "aula05", "{8513B213-53DD-45DB-B931-5A0B35B51A2B}"
EndProject
Project("{2150E333-8FDC-42A3-9474-1A3956D46DE8}") = "aula5", "aula5", "{3D863562-1B4B-4D5A-9ADB-7C189BD88047}"
EndProject
Project("{FAE04EC0-301F-11D3-BF4B-00C04F79EFBC}") = "TipoDateTIme1", "aula05\aula5\TipoDateTIme1\TipoDateTIme1.csproj", "{3E266085-F5E7-4FF9-A255-C79A55A73399}"
EndProject
Global
	GlobalSection(SolutionConfigurationPlatforms) = preSolution
		Debug|Any CPU = Debug|Any CPU
		Release|Any CPU = Release|Any CPU
	EndGlobalSection
	GlobalSection(SolutionProperties) = preSolution
		HideSolutionNode = FALSE
	EndGlobalSection
	GlobalSection(ProjectConfigurationPlatforms) = postSolution
		{E1C73326-2742-4457-ACD5-2E64016E9E41}.Debug|Any CPU.ActiveCfg = Debug|Any CPU
		{E1C73326-2742-4457-ACD5-2E64016E9E41}.Debug|Any CPU.Build.0 = Debug|Any CPU
		{E1C73326-2742-4457-ACD5-2E64016E9E41}.Release|Any CPU.ActiveCfg = Release|Any CPU
		{E1C73326-2742-4457-ACD5-2E64016E9E41}.Release|Any CPU.Build.0 = Release|Any CPU
		{E4B3968C-26BA-4C92-BA70-99AA9FD37E06}.Debug|Any CPU.ActiveCfg = Debug|Any CPU
		{E4B3968C-26BA-4C92-BA70-99AA9FD37E06}.Debug|Any CPU.Build.0 = Debug|Any CPU
		{E4B3968C-26BA-4C92-BA70-99AA9FD37E06}.Release|Any CPU.ActiveCfg = Release|Any CPU
		{E4B3968C-26BA-4C92-BA70-99AA9FD37E06}.Release|Any CPU.Build.0 = Release|Any CPU
		{4A6DB636-DA02-4868-B0EC-D284D29634D6}.Debug|Any CPU.ActiveCfg = Debug|Any CPU
		{4A6DB636-DA02-4868-B0EC-D284D29634D6}.Debug|Any CPU.Build.0 = Debug|Any CPU
		{4A6DB636-DA02-4868-B0EC-D284D29634D6}.Release|Any CPU.ActiveCfg = Release|Any CPU
		{4A6DB636-DA02-4868-B0EC-D284D29634D6}.Release|Any CPU.Build.0 = Release|Any CPU
		{6C5671D5-707A-49FF-A043-ACFB7001024B}.Debug|Any CPU.ActiveCfg = Debug|Any CPU
		{6C5671D5-707A-49FF-A043-ACFB7001024B}.Debug|Any CPU.Build.0 = Debug|Any CPU
		{6C5671D5-707A-49FF-A043-ACFB7001024B}.Release|Any CPU.ActiveCfg = Release|Any CPU
		{6C5671D5-707A-49FF-A043-ACFB7001024B}.Release|Any CPU.Build.0 = Release|Any CPU
		{3E266085-F5E7-4FF9-A255-C79A55A73399}.Debug|Any CPU.ActiveCfg = Debug|Any CPU
		{3E266085-F5E7-4FF9-A255-C79A55A73399}.Debug|Any CPU.Build.0 = Debug|Any CPU
		{3E266085-F5E7-4FF9-A255-C79A55A73399}.Release|Any CPU.ActiveCfg = Release|Any CPU
		{3E266085-F5E7-4FF9-A255-C79A55A73399}.Release|Any CPU.Build.0 = Release|Any CPU
	EndGlobalSection
	GlobalSection(NestedProjects) = preSolution
		{E1C73326-2742-4457-ACD5-2E64016E9E41} = {0BAE87CE-2246-41FE-A4B3-2F2CF76F91D0}
		{0CB44390-9C94-4310-9752-8CCD15BF56CC} = {DEEA26B1-2E54-4AAB-8411-D59B6C71B996}
		{E4B3968C-26BA-4C92-BA70-99AA9FD37E06} = {0CB44390-9C94-4310-9752-8CCD15BF56CC}
		{BDE64FEA-3581-4F7B-A449-810D633D2E01} = {E546C664-CB83-467B-A70F-EF38345A4A9E}
		{4A6DB636-DA02-4868-B0EC-D284D29634D6} = {BDE64FEA-3581-4F7B-A449-810D633D2E01}
		{8C6A3E52-CA92-4D1E-A505-73102DCF55DD} = {F2C975CB-0797-48BD-A7CA-DCE804DC3878}
		{6C5671D5-707A-49FF-A043-ACFB7001024B} = {8C6A3E52-CA92-4D1E-A505-73102DCF55DD}
		{3D863562-1B4B-4D5A-9ADB-7C189BD88047} = {8513B213-53DD-45DB-B931-5A0B35B51A2B}
		{3E266085-F5E7-4FF9-A255-C79A55A73399} = {3D863562-1B4B-4D5A-9ADB-7C189BD88047}
	EndGlobalSection
EndGlobal
