
Microsoft Visual Studio Solution File, Format Version 12.00
# Visual Studio Version 17
VisualStudioVersion = 17.0.31903.59
MinimumVisualStudioVersion = 10.0.40219.1
Project("{2150E333-8FDC-42A3-9474-1A3956D46DE8}") = "aula01", "aula01", "{0BAE87CE-2246-41FE-A4B3-2F2CF76F91D0}"
EndProject
Project("{FAE04EC0-301F-11D3-BF4B-00C04F79EFBC}") = "TIposDeDados1", "aula01\TIposDeDados1\TIposDeDados1.csproj", "{E1C73326-2742-4457-ACD5-2E64016E9E41}"
EndProject
Project("{2150E333-8FDC-42A3-9474-1A3956D46DE8}") = "aula02", "aula02", "{DEEA26B1-2E54-4AAB-8411-D59B6C71B996}"
EndProject
Project("{2150E333-8FDC-42A3-9474-1A3956D46DE8}") = "aula2", "aula2", "{0CB44390-9C94-4310-9752-8CCD15BF56CC}"
EndProject
Project("{FAE04EC0-301F-11D3-BF4B-00C04F79EFBC}") = "TIposDeDados2", "aula02\aula2\TIposDeDados2\TIposDeDados2.csproj", "{E4B3968C-26BA-4C92-BA70-99AA9FD37E06}"
EndProject
Global
	GlobalSection(SolutionConfigurationPlatforms) = preSolution
		Debug|Any CPU = Debug|Any CPU
		Release|Any CPU = Release|Any CPU
	EndGlobalSection
	GlobalSection(SolutionProperties) = preSolution
		HideSolutionNode = FALSE
	EndGlobalSection
	GlobalSection(ProjectConfigurationPlatforms) = postSolution
		{E1C73326-2742-4457-ACD5-2E64016E9E41}.Debug|Any CPU.ActiveCfg = Debug|Any CPU
		{E1C73326-2742-4457-ACD5-2E64016E9E41}.Debug|Any CPU.Build.0 = Debug|Any CPU
		{E1C73326-2742-4457-ACD5-2E64016E9E41}.Release|Any CPU.ActiveCfg = Release|Any CPU
		{E1C73326-2742-4457-ACD5-2E64016E9E41}.Release|Any CPU.Build.0 = Release|Any CPU
		{E4B3968C-26BA-4C92-BA70-99AA9FD37E06}.Debug|Any CPU.ActiveCfg = Debug|Any CPU
		{E4B3968C-26BA-4C92-BA70-99AA9FD37E06}.Debug|Any CPU.Build.0 = Debug|Any CPU
		{E4B3968C-26BA-4C92-BA70-99AA9FD37E06}.Release|Any CPU.ActiveCfg = Release|Any CPU
		{E4B3968C-26BA-4C92-BA70-99AA9FD37E06}.Release|Any CPU.Build.0 = Release|Any CPU
	EndGlobalSection
	GlobalSection(NestedProjects) = preSolution
		{E1C73326-2742-4457-ACD5-2E64016E9E41} = {0BAE87CE-2246-41FE-A4B3-2F2CF76F91D0}
		{0CB44390-9C94-4310-9752-8CCD15BF56CC} = {DEEA26B1-2E54-4AAB-8411-D59B6C71B996}
		{E4B3968C-26BA-4C92-BA70-99AA9FD37E06} = {0CB44390-9C94-4310-9752-8CCD15BF56CC}
	EndGlobalSection
EndGlobal
